{
    "name": "simkey-interpreted",
    "lockfileVersion": 3,
    "requires": true,
    "packages": {
        "": {
            "dependencies": {
                "expr-eval": "^2.0.2",
                "koffi": "^2.11.0"
            }
        },
        "node_modules/expr-eval": {
            "version": "2.0.2",
            "resolved": "https://registry.npmjs.org/expr-eval/-/expr-eval-2.0.2.tgz",
            "integrity": "sha512-4EMSHGOPSwAfBiibw3ndnP0AvjDWLsMvGOvWEZ2F96IGk0bIVdjQisOHxReSkE13mHcfbuCiXw+G4y0zv6N8Eg=="
        },
        "node_modules/koffi": {
            "version": "2.11.0",
            "resolved": "https://registry.npmjs.org/koffi/-/koffi-2.11.0.tgz",
            "integrity": "sha512-AJ6MHz9Z8OIftKu322jrKJFvy/rZTdCD4b7F457WrK71rxYV7O5PSdWsJDN0p3rY1BZaPeLHVwyt4i2Xyk8wJg==",
            "hasInstallScript": true
        }
    }
}
